
Microsoft Visual Studio Solution File, Format Version 10.00
# Visual Studio 2008
Project("{8BC9CEB8-8B4A-11D0-8D11-00A0C91BC942}") = "BBjTAPIClient", "BBjTAPIClient.vcproj", "{DF6854F7-693C-40B1-A46A-78443EB1439F}"
EndProject
Global
	GlobalSection(SolutionConfigurationPlatforms) = preSolution
		Debug|Win32 = Debug|Win32
		Release|Win32 = Release|Win32
	EndGlobalSection
	GlobalSection(ProjectConfigurationPlatforms) = postSolution
		{DF6854F7-693C-40B1-A46A-78443EB1439F}.Debug|Win32.ActiveCfg = Debug|Win32
		{DF6854F7-693C-40B1-A46A-78443EB1439F}.Debug|Win32.Build.0 = Debug|Win32
		{DF6854F7-693C-40B1-A46A-78443EB1439F}.Release|Win32.ActiveCfg = Release|Win32
		{DF6854F7-693C-40B1-A46A-78443EB1439F}.Release|Win32.Build.0 = Release|Win32
	EndGlobalSection
	GlobalSection(SolutionProperties) = preSolution
		HideSolutionNode = FALSE
	EndGlobalSection
EndGlobal
